# This file is autogenerated, do not edit; changes may be undone by the next 'dep ensure'.


[[projects]]
  digest = "1:b041a8695578354aa37d84ceec71a54df779fec69c74936ec1fa8bd3b196ca73"
  name = "github.com/aws/aws-sdk-go"
  packages = [
    "aws",
    "aws/awserr",
    "aws/awsutil",
    "aws/client",
    "aws/client/metadata",
    "aws/corehandlers",
    "aws/credentials",
    "aws/credentials/ec2rolecreds",
    "aws/credentials/endpointcreds",
    "aws/credentials/processcreds",
    "aws/credentials/ssocreds",
    "aws/credentials/stscreds",
    "aws/csm",
    "aws/defaults",
    "aws/ec2metadata",
    "aws/endpoints",
    "aws/request",
    "aws/session",
    "aws/signer/v4",
    "internal/context",
    "internal/ini",
    "internal/sdkio",
    "internal/sdkmath",
    "internal/sdkrand",
    "internal/sdkuri",
    "internal/shareddefaults",
    "internal/strings",
    "internal/sync/singleflight",
    "private/protocol",
    "private/protocol/ec2query",
    "private/protocol/json/jsonutil",
    "private/protocol/jsonrpc",
    "private/protocol/query",
    "private/protocol/query/queryutil",
    "private/protocol/rest",
    "private/protocol/restjson",
    "private/protocol/restxml",
    "private/protocol/xml/xmlutil",
    "service/acm",
    "service/acm/acmiface",
    "service/cloudwatchlogs",
    "service/ec2",
    "service/ec2/ec2iface",
    "service/ecr",
    "service/ecs",
    "service/elbv2",
    "service/elbv2/elbv2iface",
    "service/iam",
    "service/route53",
    "service/route53/route53iface",
    "service/sso",
    "service/sso/ssoiface",
    "service/sts",
    "service/sts/stsiface",
  ]
  pruneopts = "UT"
  revision = "4b1994d23d39bd4d6782cedae5fbaa7720777a08"
  version = "v1.43.20"

[[projects]]
  digest = "1:11f8404336ea77a20c91804969ab428a3f4d0fcce78a601e966e16465ab37742"
  name = "github.com/golang/mock"
  packages = ["gomock"]
  pruneopts = "UT"
  revision = "aba2ff9a6844d5e3289e8472d3217d5b3090f083"
  version = "v1.6.0"

[[projects]]
  digest = "1:e631368e174090a276fc00b48283f92ac4ccfbbb1945bcfcee083f5f9210dc00"
  name = "github.com/hashicorp/golang-lru"
  packages = [
    ".",
    "simplelru",
  ]
  pruneopts = "UT"
  revision = "14eae340515388ca95aa8e7b86f0de668e981f54"
  version = "v0.5.4"

[[projects]]
  digest = "1:870d441fe217b8e689d7949fef6e43efbc787e50f200cb1e70dbca9204a1d6be"
  name = "github.com/inconshreveable/mousetrap"
  packages = ["."]
  pruneopts = "UT"
  revision = "76626ae9c91c4f2a10f34cad8ce83ea42c93bb75"
  version = "v1.0"

[[projects]]
  digest = "1:bb81097a5b62634f3e9fec1014657855610c82d19b9a40c17612e32651e35dca"
  name = "github.com/jmespath/go-jmespath"
  packages = ["."]
  pruneopts = "UT"
  revision = "c2b33e84"

[[projects]]
  digest = "1:55b61979e5e5d65a11e96ebdba6219c457b90d768fecd5ea4cbfa84607ad1252"
  name = "github.com/kyokomi/emoji"
  packages = ["."]
  pruneopts = "UT"
  revision = "8ce7145aeed4411c2feb50435bcd9aab9689d4ce"
  version = "v2.2.9"

[[projects]]
  digest = "1:bfd19f00967e10367aaaf4b09545873750ac3cb9762d66243e9b7954327cc113"
  name = "github.com/mattn/go-colorable"
  packages = ["."]
  pruneopts = "UT"
  revision = "e1bb79c8d53c38a60962ad4b8f658226cc983710"
  version = "v0.1.12"

[[projects]]
  digest = "1:e66bb4fe1fb8b48e9bed410b198498cef8fa6701a5e3eb0ee7f07b74153a7fbc"
  name = "github.com/mattn/go-isatty"
  packages = ["."]
  pruneopts = "UT"
  revision = "504425e14f742f1f517c4586048b49b37f829c8e"
  version = "v0.0.14"

[[projects]]
  branch = "master"
  digest = "1:156ffa10bf53a39da78ff667c0084fd09d87b2345708d697f6faa45b7571dfa4"
  name = "github.com/mgutz/ansi"
  packages = ["."]
  pruneopts = "UT"
  revision = "d51e80ef957dba7f19388ca64afefbd5a096af30"

[[projects]]
  digest = "1:828c668e08e72ad895b302948b4dc6827d4ddcdc500fbeb97cbd92929fc9ceb5"
  name = "github.com/spf13/cobra"
  packages = ["."]
  pruneopts = "UT"
  revision = "5b2b9e9f61d36ccb66167301f76a2292c3729855"
  version = "v1.4.0"

[[projects]]
  digest = "1:524b71991fc7d9246cc7dc2d9e0886ccb97648091c63e30eef619e6862c955dd"
  name = "github.com/spf13/pflag"
  packages = ["."]
  pruneopts = "UT"
  revision = "2e9d26c8c37aae03e3f9d4e90b7116f5accb7cab"
  version = "v1.0.5"

[[projects]]
  branch = "master"
  digest = "1:c9d0c7346c55bc13efdb3dbf13938e909d22a7a7bf115af69a79e25553513bd0"
  name = "golang.org/x/crypto"
  packages = ["ssh/terminal"]
  pruneopts = "UT"
  revision = "3147a52a75dda54ac3a611ef8978640d85188a2a"

[[projects]]
  branch = "master"
  digest = "1:8d3f91d33d0eee5cdda251f4f90671218082e1bf16c9a88b61507b326cc1f04f"
  name = "golang.org/x/sys"
  packages = [
    "internal/unsafeheader",
    "plan9",
    "unix",
    "windows",
  ]
  pruneopts = "UT"
  revision = "039c03cc5b867cd7b06a19ff375be5c945c80b10"

[[projects]]
  branch = "master"
  digest = "1:91489886d519064782c699ea27906e2a5922bf05b31c6a46b74d4962b3657004"
  name = "golang.org/x/term"
  packages = ["."]
  pruneopts = "UT"
  revision = "03fcf44c2211dcd5eb77510b5f7c1fb02d6ded50"

[[projects]]
  branch = "master"
  digest = "1:b1a2a223530c5c097c78f8a0a026eae2296d91052fa8acd98e1de38a0ac8c0c2"
  name = "golang.org/x/time"
  packages = ["rate"]
  pruneopts = "UT"
  revision = "0e9765cccd655efb9fdab0fc6cafe025144d46de"

[solve-meta]
  analyzer-name = "dep"
  analyzer-version = 1
  input-imports = [
    "github.com/aws/aws-sdk-go/aws",
    "github.com/aws/aws-sdk-go/aws/awserr",
    "github.com/aws/aws-sdk-go/aws/request",
    "github.com/aws/aws-sdk-go/aws/session",
    "github.com/aws/aws-sdk-go/service/acm",
    "github.com/aws/aws-sdk-go/service/acm/acmiface",
    "github.com/aws/aws-sdk-go/service/cloudwatchlogs",
    "github.com/aws/aws-sdk-go/service/ec2",
    "github.com/aws/aws-sdk-go/service/ec2/ec2iface",
    "github.com/aws/aws-sdk-go/service/ecr",
    "github.com/aws/aws-sdk-go/service/ecs",
    "github.com/aws/aws-sdk-go/service/elbv2",
    "github.com/aws/aws-sdk-go/service/elbv2/elbv2iface",
    "github.com/aws/aws-sdk-go/service/iam",
    "github.com/aws/aws-sdk-go/service/route53",
    "github.com/aws/aws-sdk-go/service/route53/route53iface",
    "github.com/golang/mock/gomock",
    "github.com/hashicorp/golang-lru",
    "github.com/kyokomi/emoji",
    "github.com/mgutz/ansi",
    "github.com/spf13/cobra",
    "golang.org/x/crypto/ssh/terminal",
    "golang.org/x/time/rate",
  ]
  solver-name = "gps-cdcl"
  solver-version = 1
